
Microsoft Visual Studio Solution File, Format Version 12.00
# Visual Studio Version 17
VisualStudioVersion = 17.9.34701.34
MinimumVisualStudioVersion = 10.0.40219.1
Project("{2150E333-8FDC-42A3-9474-1A3956D46DE8}") = "src", "src", "{B2C36984-5119-4A58-B627-BD10B75F2DBC}"
EndProject
Project("{2150E333-8FDC-42A3-9474-1A3956D46DE8}") = "tests", "tests", "{20DE76B6-4563-4DEC-B441-E9DA99DBDC34}"
EndProject
Project("{FAE04EC0-301F-11D3-BF4B-00C04F79EFBC}") = "UserServiceApi", "UserServiceApi\UserServiceApi.csproj", "{25AA3DDD-F0B6-46DC-8BA1-1EACC81709D0}"
EndProject
Project("{FAE04EC0-301F-11D3-BF4B-00C04F79EFBC}") = "NotificationServiceApi", "NotificationServiceApi\NotificationServiceApi.csproj", "{21E08A46-C235-4091-B500-0CB1ACFE8549}"
EndProject
Project("{2150E333-8FDC-42A3-9474-1A3956D46DE8}") = "API", "API", "{C508A74A-1900-4EB2-9124-FDBA2C97B9C7}"
EndProject
Project("{2150E333-8FDC-42A3-9474-1A3956D46DE8}") = "Workers", "Workers", "{DCB2A4B3-2830-4335-8D87-DF46C2812D68}"
EndProject
Project("{FAE04EC0-301F-11D3-BF4B-00C04F79EFBC}") = "EmailSender", "EmailSender\EmailSender.csproj", "{044F5067-2494-478A-BB59-75784EACDEF7}"
EndProject
Project("{2150E333-8FDC-42A3-9474-1A3956D46DE8}") = "Common", "Common", "{C42600DC-E0FA-4477-936F-FB2C299DA14E}"
EndProject
Project("{FAE04EC0-301F-11D3-BF4B-00C04F79EFBC}") = "Contracts", "Contracts\Contracts.csproj", "{4829EB7B-9029-48F7-95B3-AA9D1DA1BC63}"
EndProject
Global
	GlobalSection(SolutionConfigurationPlatforms) = preSolution
		Debug|Any CPU = Debug|Any CPU
		Release|Any CPU = Release|Any CPU
	EndGlobalSection
	GlobalSection(ProjectConfigurationPlatforms) = postSolution
		{25AA3DDD-F0B6-46DC-8BA1-1EACC81709D0}.Debug|Any CPU.ActiveCfg = Debug|Any CPU
		{25AA3DDD-F0B6-46DC-8BA1-1EACC81709D0}.Debug|Any CPU.Build.0 = Debug|Any CPU
		{25AA3DDD-F0B6-46DC-8BA1-1EACC81709D0}.Release|Any CPU.ActiveCfg = Release|Any CPU
		{25AA3DDD-F0B6-46DC-8BA1-1EACC81709D0}.Release|Any CPU.Build.0 = Release|Any CPU
		{21E08A46-C235-4091-B500-0CB1ACFE8549}.Debug|Any CPU.ActiveCfg = Debug|Any CPU
		{21E08A46-C235-4091-B500-0CB1ACFE8549}.Debug|Any CPU.Build.0 = Debug|Any CPU
		{21E08A46-C235-4091-B500-0CB1ACFE8549}.Release|Any CPU.ActiveCfg = Release|Any CPU
		{21E08A46-C235-4091-B500-0CB1ACFE8549}.Release|Any CPU.Build.0 = Release|Any CPU
		{044F5067-2494-478A-BB59-75784EACDEF7}.Debug|Any CPU.ActiveCfg = Debug|Any CPU
		{044F5067-2494-478A-BB59-75784EACDEF7}.Debug|Any CPU.Build.0 = Debug|Any CPU
		{044F5067-2494-478A-BB59-75784EACDEF7}.Release|Any CPU.ActiveCfg = Release|Any CPU
		{044F5067-2494-478A-BB59-75784EACDEF7}.Release|Any CPU.Build.0 = Release|Any CPU
		{4829EB7B-9029-48F7-95B3-AA9D1DA1BC63}.Debug|Any CPU.ActiveCfg = Debug|Any CPU
		{4829EB7B-9029-48F7-95B3-AA9D1DA1BC63}.Debug|Any CPU.Build.0 = Debug|Any CPU
		{4829EB7B-9029-48F7-95B3-AA9D1DA1BC63}.Release|Any CPU.ActiveCfg = Release|Any CPU
		{4829EB7B-9029-48F7-95B3-AA9D1DA1BC63}.Release|Any CPU.Build.0 = Release|Any CPU
	EndGlobalSection
	GlobalSection(SolutionProperties) = preSolution
		HideSolutionNode = FALSE
	EndGlobalSection
	GlobalSection(NestedProjects) = preSolution
		{25AA3DDD-F0B6-46DC-8BA1-1EACC81709D0} = {C508A74A-1900-4EB2-9124-FDBA2C97B9C7}
		{21E08A46-C235-4091-B500-0CB1ACFE8549} = {C508A74A-1900-4EB2-9124-FDBA2C97B9C7}
		{C508A74A-1900-4EB2-9124-FDBA2C97B9C7} = {B2C36984-5119-4A58-B627-BD10B75F2DBC}
		{DCB2A4B3-2830-4335-8D87-DF46C2812D68} = {B2C36984-5119-4A58-B627-BD10B75F2DBC}
		{044F5067-2494-478A-BB59-75784EACDEF7} = {DCB2A4B3-2830-4335-8D87-DF46C2812D68}
		{C42600DC-E0FA-4477-936F-FB2C299DA14E} = {B2C36984-5119-4A58-B627-BD10B75F2DBC}
		{4829EB7B-9029-48F7-95B3-AA9D1DA1BC63} = {C42600DC-E0FA-4477-936F-FB2C299DA14E}
	EndGlobalSection
	GlobalSection(ExtensibilityGlobals) = postSolution
		SolutionGuid = {71377F96-8F45-4E33-8946-80A7185E1191}
	EndGlobalSection
EndGlobal
